
Microsoft Visual Studio Solution File, Format Version 12.00
# Visual Studio 16
VisualStudioVersion = 16.0.0.0
MinimumVisualStudioVersion = 16.0.0.0
Project("{FAE04EC0-301F-11D3-BF4B-00C04F79EFBC}") = "StoppingRogue.Windows", "StoppingRogue.Windows\StoppingRogue.Windows.csproj", "{401E2EB1-1730-49EB-B8C5-A874383BEC9F}"
EndProject
Project("{FAE04EC0-301F-11D3-BF4B-00C04F79EFBC}") = "StoppingRogue", "StoppingRogue\StoppingRogue.csproj", "{77823C2A-6CE9-454C-9316-2009EAFBF253}"
EndProject
Project("{FAE04EC0-301F-11D3-BF4B-00C04F79EFBC}") = "StoppingRogue.Linux", "StoppingRogue.Linux\StoppingRogue.Linux.csproj", "{19DF374E-8E2F-445C-A7E7-EBBF1B717372}"
EndProject
Global
EndGlobal
